
Microsoft Visual Studio Solution File, Format Version 12.00
# Visual Studio Version 17
VisualStudioVersion = 17.5.002.0
MinimumVisualStudioVersion = 10.0.40219.1
Project("{9A19103F-16F7-4668-BE54-9A1E7A4F7556}") = "DAPM.ClientApi", "DAPM.ClientApi\DAPM.ClientApi.csproj", "{4A7B5059-2454-407A-9086-6BE6977BE365}"
EndProject
Project("{9A19103F-16F7-4668-BE54-9A1E7A4F7556}") = "DAPM.PipelineOrchestratorMS.Api", "DAPM.PipelineOrchestratorMS.Api\DAPM.PipelineOrchestratorMS.Api.csproj", "{3562F24D-F986-4EE3-BE01-50A74A0BB30C}"
EndProject
Project("{9A19103F-16F7-4668-BE54-9A1E7A4F7556}") = "DAPM.ResourceRegistryMS.Api", "DAPM.ResourceRegistryMS.Api\DAPM.ResourceRegistryMS.Api.csproj", "{E3BDD70C-FA53-4C85-A149-895ADB394834}"
EndProject
Project("{9A19103F-16F7-4668-BE54-9A1E7A4F7556}") = "DAPM.Orchestrator", "DAPM.Orchestrator\DAPM.Orchestrator.csproj", "{2CCC1D4A-8032-49F5-8A52-4941A36DA8A0}"
EndProject
Project("{9A19103F-16F7-4668-BE54-9A1E7A4F7556}") = "RabbitMQLibrary", "RabbitMQLibrary\RabbitMQLibrary.csproj", "{71EBAE60-1838-4CA4-8B2E-0BD615B5EBA9}"
EndProject
Project("{9A19103F-16F7-4668-BE54-9A1E7A4F7556}") = "DAPM.RepositoryMS.Api", "DAPM.RepositoryMS.Api\DAPM.RepositoryMS.Api.csproj", "{0CF404E3-CD61-4BCE-9168-17489D59C932}"
EndProject
Project("{9A19103F-16F7-4668-BE54-9A1E7A4F7556}") = "DAPM.AppHost", "DAPM.AppHost\DAPM.AppHost.csproj", "{A0B5A70B-C6E5-4104-8A6A-C3E14976EE01}"
EndProject
Project("{9A19103F-16F7-4668-BE54-9A1E7A4F7556}") = "DAPM.PeerApi", "DAPM.PeerApi\DAPM.PeerApi.csproj", "{67DB299E-34DE-4240-ABC4-F39DB250F4DD}"
EndProject
Project("{9A19103F-16F7-4668-BE54-9A1E7A4F7556}") = "DAPM.OperatorMS.Api", "DAPM.OperatorMS.Api\DAPM.OperatorMS.Api.csproj", "{CFF6195E-A67E-407C-9AF9-DB7AF521AD59}"
EndProject
Project("{9A19103F-16F7-4668-BE54-9A1E7A4F7556}") = "DAPM.ServiceDefaults", "DAPM.ServiceDefaults\DAPM.ServiceDefaults.csproj", "{8A8D52E8-4EAC-4365-8367-66722F97BD94}"
EndProject
Project("{9A19103F-16F7-4668-BE54-9A1E7A4F7556}") = "DAPM.AuthenticationMS.Api", "DAPM.AuthenticationMS.Api\DAPM.AuthenticationMS.Api.csproj", "{6B764168-D89E-4189-8A5B-23C5ED4DF90C}"
EndProject
Global
	GlobalSection(SolutionConfigurationPlatforms) = preSolution
		Debug|Any CPU = Debug|Any CPU
		Release|Any CPU = Release|Any CPU
	EndGlobalSection
	GlobalSection(ProjectConfigurationPlatforms) = postSolution
		{4A7B5059-2454-407A-9086-6BE6977BE365}.Debug|Any CPU.ActiveCfg = Debug|Any CPU
		{4A7B5059-2454-407A-9086-6BE6977BE365}.Debug|Any CPU.Build.0 = Debug|Any CPU
		{4A7B5059-2454-407A-9086-6BE6977BE365}.Release|Any CPU.ActiveCfg = Release|Any CPU
		{4A7B5059-2454-407A-9086-6BE6977BE365}.Release|Any CPU.Build.0 = Release|Any CPU
		{3562F24D-F986-4EE3-BE01-50A74A0BB30C}.Debug|Any CPU.ActiveCfg = Debug|Any CPU
		{3562F24D-F986-4EE3-BE01-50A74A0BB30C}.Debug|Any CPU.Build.0 = Debug|Any CPU
		{3562F24D-F986-4EE3-BE01-50A74A0BB30C}.Release|Any CPU.ActiveCfg = Release|Any CPU
		{3562F24D-F986-4EE3-BE01-50A74A0BB30C}.Release|Any CPU.Build.0 = Release|Any CPU
		{E3BDD70C-FA53-4C85-A149-895ADB394834}.Debug|Any CPU.ActiveCfg = Debug|Any CPU
		{E3BDD70C-FA53-4C85-A149-895ADB394834}.Debug|Any CPU.Build.0 = Debug|Any CPU
		{E3BDD70C-FA53-4C85-A149-895ADB394834}.Release|Any CPU.ActiveCfg = Release|Any CPU
		{E3BDD70C-FA53-4C85-A149-895ADB394834}.Release|Any CPU.Build.0 = Release|Any CPU
		{2CCC1D4A-8032-49F5-8A52-4941A36DA8A0}.Debug|Any CPU.ActiveCfg = Debug|Any CPU
		{2CCC1D4A-8032-49F5-8A52-4941A36DA8A0}.Debug|Any CPU.Build.0 = Debug|Any CPU
		{2CCC1D4A-8032-49F5-8A52-4941A36DA8A0}.Release|Any CPU.ActiveCfg = Release|Any CPU
		{2CCC1D4A-8032-49F5-8A52-4941A36DA8A0}.Release|Any CPU.Build.0 = Release|Any CPU
		{71EBAE60-1838-4CA4-8B2E-0BD615B5EBA9}.Debug|Any CPU.ActiveCfg = Debug|Any CPU
		{71EBAE60-1838-4CA4-8B2E-0BD615B5EBA9}.Debug|Any CPU.Build.0 = Debug|Any CPU
		{71EBAE60-1838-4CA4-8B2E-0BD615B5EBA9}.Release|Any CPU.ActiveCfg = Release|Any CPU
		{71EBAE60-1838-4CA4-8B2E-0BD615B5EBA9}.Release|Any CPU.Build.0 = Release|Any CPU
		{0CF404E3-CD61-4BCE-9168-17489D59C932}.Debug|Any CPU.ActiveCfg = Debug|Any CPU
		{0CF404E3-CD61-4BCE-9168-17489D59C932}.Debug|Any CPU.Build.0 = Debug|Any CPU
		{0CF404E3-CD61-4BCE-9168-17489D59C932}.Release|Any CPU.ActiveCfg = Release|Any CPU
		{0CF404E3-CD61-4BCE-9168-17489D59C932}.Release|Any CPU.Build.0 = Release|Any CPU
		{A0B5A70B-C6E5-4104-8A6A-C3E14976EE01}.Debug|Any CPU.ActiveCfg = Debug|Any CPU
		{A0B5A70B-C6E5-4104-8A6A-C3E14976EE01}.Debug|Any CPU.Build.0 = Debug|Any CPU
		{A0B5A70B-C6E5-4104-8A6A-C3E14976EE01}.Release|Any CPU.ActiveCfg = Release|Any CPU
		{A0B5A70B-C6E5-4104-8A6A-C3E14976EE01}.Release|Any CPU.Build.0 = Release|Any CPU
		{67DB299E-34DE-4240-ABC4-F39DB250F4DD}.Debug|Any CPU.ActiveCfg = Debug|Any CPU
		{67DB299E-34DE-4240-ABC4-F39DB250F4DD}.Debug|Any CPU.Build.0 = Debug|Any CPU
		{67DB299E-34DE-4240-ABC4-F39DB250F4DD}.Release|Any CPU.ActiveCfg = Release|Any CPU
		{67DB299E-34DE-4240-ABC4-F39DB250F4DD}.Release|Any CPU.Build.0 = Release|Any CPU
		{CFF6195E-A67E-407C-9AF9-DB7AF521AD59}.Debug|Any CPU.ActiveCfg = Debug|Any CPU
		{CFF6195E-A67E-407C-9AF9-DB7AF521AD59}.Debug|Any CPU.Build.0 = Debug|Any CPU
		{CFF6195E-A67E-407C-9AF9-DB7AF521AD59}.Release|Any CPU.ActiveCfg = Release|Any CPU
		{CFF6195E-A67E-407C-9AF9-DB7AF521AD59}.Release|Any CPU.Build.0 = Release|Any CPU
		{8A8D52E8-4EAC-4365-8367-66722F97BD94}.Debug|Any CPU.ActiveCfg = Debug|Any CPU
		{8A8D52E8-4EAC-4365-8367-66722F97BD94}.Debug|Any CPU.Build.0 = Debug|Any CPU
		{8A8D52E8-4EAC-4365-8367-66722F97BD94}.Release|Any CPU.ActiveCfg = Release|Any CPU
		{8A8D52E8-4EAC-4365-8367-66722F97BD94}.Release|Any CPU.Build.0 = Release|Any CPU
		{6B764168-D89E-4189-8A5B-23C5ED4DF90C}.Debug|Any CPU.ActiveCfg = Debug|Any CPU
		{6B764168-D89E-4189-8A5B-23C5ED4DF90C}.Debug|Any CPU.Build.0 = Debug|Any CPU
		{6B764168-D89E-4189-8A5B-23C5ED4DF90C}.Release|Any CPU.ActiveCfg = Release|Any CPU
		{6B764168-D89E-4189-8A5B-23C5ED4DF90C}.Release|Any CPU.Build.0 = Release|Any CPU
	EndGlobalSection
	GlobalSection(SolutionProperties) = preSolution
		HideSolutionNode = FALSE
	EndGlobalSection
	GlobalSection(ExtensibilityGlobals) = postSolution
		SolutionGuid = {9E1600A3-1B2E-4861-B925-14031CD26FA5}
	EndGlobalSection
EndGlobal
